<?xml version="1.0" encoding="utf-8"?>
<Project ToolsVersion="4.0" xmlns="http://schemas.microsoft.com/developer/msbuild/2003">
  <!-- Shader Files -->
  <ItemGroup>
    <FxCompile Include="Shaders\Effects\Decal.hlsl">
      <Filter>Shaders\Effects</Filter>
    </FxCompile>
    <FxCompile Include="Shaders\PostProcess\HeightFog_PS.hlsl">
      <Filter>Shaders\PostProcess</Filter>
    </FxCompile>
    <FxCompile Include="Shaders\PostProcess\TileDebugVisualization_PS.hlsl">
      <Filter>Shaders\PostProcess</Filter>
    </FxCompile>
    <FxCompile Include="Shaders\PostProcess\FXAA_PS.hlsl">
      <Filter>Shaders\PostProcess</Filter>
    </FxCompile>
    <FxCompile Include="Shaders\Utility\Blit_PS.hlsl">
      <Filter>Shaders\Utility</Filter>
    </FxCompile>
    <FxCompile Include="Shaders\Utility\FullScreenTriangle_VS.hlsl">
      <Filter>Shaders\Utility</Filter>
    </FxCompile>
    <FxCompile Include="Shaders\Utility\SceneDepth_PS.hlsl">
      <Filter>Shaders\Utility</Filter>
    </FxCompile>
    <FxCompile Include="Shaders\Utility\DepthRemap.hlsl">
      <Filter>Shaders\Utility</Filter>
    </FxCompile>
    <FxCompile Include="Shaders\UI\Billboard.hlsl">
      <Filter>Shaders\UI</Filter>
    </FxCompile>
    <FxCompile Include="Shaders\UI\Gizmo.hlsl">
      <Filter>Shaders\UI</Filter>
    </FxCompile>
    <FxCompile Include="Shaders\UI\ShaderLine.hlsl">
      <Filter>Shaders\UI</Filter>
    </FxCompile>
    <FxCompile Include="Shaders\UI\TextBillboard.hlsl">
      <Filter>Shaders\UI</Filter>
    </FxCompile>
    <FxCompile Include="Shaders\Materials\ShadowDepth.hlsl">
      <Filter>Shaders\Materials</Filter>
    </FxCompile>
    <FxCompile Include="Shaders\Materials\UberLit.hlsl">
      <Filter>Shaders\Materials</Filter>
    </FxCompile>
    <FxCompile Include="Shaders\Common\LightingBuffers.hlsl">
      <Filter>Shaders\Common</Filter>
    </FxCompile>
    <FxCompile Include="Shaders\Common\LightingCommon.hlsl">
      <Filter>Shaders\Common</Filter>
    </FxCompile>
    <FxCompile Include="Shaders\Common\LightStructures.hlsl">
      <Filter>Shaders\Common</Filter>
    </FxCompile>
    <FxCompile Include="Shaders\Common\ShadowESM_PS.hlsl">
      <Filter>Shaders\Common</Filter>
    </FxCompile>
    <FxCompile Include="Shaders\Common\ShadowEVSM_PS.hlsl">
      <Filter>Shaders\Common</Filter>
    </FxCompile>
    <FxCompile Include="Shaders\Common\ShadowVSM_PS.hlsl">
      <Filter>Shaders\Common</Filter>
    </FxCompile>
  </ItemGroup>
  <!-- Root Files -->
  <ItemGroup>
    <ClCompile Include="pch.cpp" />
    <ClCompile Include="Source\Runtime\Renderer\LightManager.cpp">
      <Filter>Source\Runtime\Renderer</Filter>
    </ClCompile>
    <ClCompile Include="Source\Runtime\Renderer\SceneView.cpp">
      <Filter>Source\Runtime\Renderer</Filter>
    </ClCompile>
    <ClCompile Include="Source\Runtime\Renderer\ShadowManager.cpp">
      <Filter>Source\Runtime\Renderer</Filter>
    </ClCompile>
    <ClCompile Include="Source\Runtime\Renderer\TileLightCuller.cpp">
      <Filter>Source\Runtime\Renderer</Filter>
    </ClCompile>
    <ClCompile Include="Source\Runtime\Renderer\SceneRenderer.cpp">
      <Filter>Source\Runtime\Renderer</Filter>
    </ClCompile>
    <ClCompile Include="Source\Runtime\Renderer\FViewport.cpp">
      <Filter>Source\Runtime\Renderer</Filter>
    </ClCompile>
    <ClCompile Include="Source\Runtime\Renderer\FViewportClient.cpp">
      <Filter>Source\Runtime\Renderer</Filter>
    </ClCompile>
    <ClCompile Include="Source\Runtime\Renderer\Material.cpp">
      <Filter>Source\Runtime\Renderer</Filter>
    </ClCompile>
    <ClCompile Include="Source\Runtime\Renderer\QuadManager.cpp">
      <Filter>Source\Runtime\Renderer</Filter>
    </ClCompile>
    <ClCompile Include="Source\Runtime\Renderer\Renderer.cpp">
      <Filter>Source\Runtime\Renderer</Filter>
    </ClCompile>
    <ClCompile Include="Source\Runtime\Renderer\RenderManager.cpp">
      <Filter>Source\Runtime\Renderer</Filter>
    </ClCompile>
    <ClCompile Include="Source\Runtime\Renderer\Shader.cpp">
      <Filter>Source\Runtime\Renderer</Filter>
    </ClCompile>
    <ClCompile Include="Source\Runtime\Core\Object\Actor.cpp">
      <Filter>Source\Runtime\Core\Object</Filter>
    </ClCompile>
    <ClCompile Include="Source\Runtime\Core\Object\ActorComponent.cpp">
      <Filter>Source\Runtime\Core\Object</Filter>
    </ClCompile>
    <ClCompile Include="Source\Runtime\Core\Object\Object.cpp">
      <Filter>Source\Runtime\Core\Object</Filter>
    </ClCompile>
    <ClCompile Include="Source\Runtime\Core\Object\ObjectFactory.cpp">
      <Filter>Source\Runtime\Core\Object</Filter>
    </ClCompile>
    <ClCompile Include="Source\Runtime\Core\Containers\UEContainer.cpp">
      <Filter>Source\Runtime\Core\Containers</Filter>
    </ClCompile>
    <ClCompile Include="Source\Runtime\Core\Misc\Color.cpp">
      <Filter>Source\Runtime\Core\Misc</Filter>
    </ClCompile>
    <ClCompile Include="Source\Runtime\Core\Misc\FName.cpp">
      <Filter>Source\Runtime\Core\Misc</Filter>
    </ClCompile>
    <ClCompile Include="Source\Runtime\Core\Memory\MemoryManager.cpp">
      <Filter>Source\Runtime\Core\Memory</Filter>
    </ClCompile>
    <ClCompile Include="Source\Runtime\Core\Memory\PlatformTime.cpp">
      <Filter>Source\Runtime\Core\Memory</Filter>
    </ClCompile>
    <ClCompile Include="Source\Runtime\Engine\GameFramework\AmbientLightActor.cpp">
      <Filter>Source\Runtime\Engine\GameFramework</Filter>
    </ClCompile>
    <ClCompile Include="Source\Runtime\Engine\GameFramework\DirectionalLightActor.cpp">
      <Filter>Source\Runtime\Engine\GameFramework</Filter>
    </ClCompile>
    <ClCompile Include="Source\Runtime\Engine\GameFramework\EmptyActor.cpp">
      <Filter>Source\Runtime\Engine\GameFramework</Filter>
    </ClCompile>
    <ClCompile Include="Source\Runtime\Engine\GameFramework\HeightFogActor.cpp">
      <Filter>Source\Runtime\Engine\GameFramework</Filter>
    </ClCompile>
    <ClCompile Include="Source\Runtime\Engine\GameFramework\Info.cpp">
      <Filter>Source\Runtime\Engine\GameFramework</Filter>
    </ClCompile>
    <ClCompile Include="Source\Runtime\Engine\GameFramework\PointLightActor.cpp">
      <Filter>Source\Runtime\Engine\GameFramework</Filter>
    </ClCompile>
    <ClCompile Include="Source\Runtime\Engine\GameFramework\SpotLightActor.cpp">
      <Filter>Source\Runtime\Engine\GameFramework</Filter>
    </ClCompile>
    <ClCompile Include="Source\Runtime\Engine\GameFramework\CameraActor.cpp">
      <Filter>Source\Runtime\Engine\GameFramework</Filter>
    </ClCompile>
    <ClCompile Include="Source\Runtime\Engine\GameFramework\DecalActor.cpp">
      <Filter>Source\Runtime\Engine\GameFramework</Filter>
    </ClCompile>
    <ClCompile Include="Source\Runtime\Engine\GameFramework\EditorEngine.cpp">
      <Filter>Source\Runtime\Engine\GameFramework</Filter>
    </ClCompile>
    <ClCompile Include="Source\Runtime\Engine\GameFramework\FakeSpotLightActor.cpp">
      <Filter>Source\Runtime\Engine\GameFramework</Filter>
    </ClCompile>
    <ClCompile Include="Source\Runtime\Engine\GameFramework\Level.cpp">
      <Filter>Source\Runtime\Engine\GameFramework</Filter>
    </ClCompile>
    <ClCompile Include="Source\Runtime\Engine\GameFramework\StaticMeshActor.cpp">
      <Filter>Source\Runtime\Engine\GameFramework</Filter>
    </ClCompile>
    <ClCompile Include="Source\Runtime\Engine\GameFramework\World.cpp">
      <Filter>Source\Runtime\Engine\GameFramework</Filter>
    </ClCompile>
    <ClCompile Include="Source\Runtime\Engine\GameFramework\WorldPartitionManager.cpp">
      <Filter>Source\Runtime\Engine\GameFramework</Filter>
    </ClCompile>
    <ClCompile Include="Source\Runtime\Engine\Components\AmbientLightComponent.cpp">
      <Filter>Source\Runtime\Engine\Components</Filter>
    </ClCompile>
    <ClCompile Include="Source\Runtime\Engine\Components\DirectionalLightComponent.cpp">
      <Filter>Source\Runtime\Engine\Components</Filter>
    </ClCompile>
    <ClCompile Include="Source\Runtime\Engine\Components\LightComponent.cpp">
      <Filter>Source\Runtime\Engine\Components</Filter>
    </ClCompile>
    <ClCompile Include="Source\Runtime\Engine\Components\LightComponentBase.cpp">
      <Filter>Source\Runtime\Engine\Components</Filter>
    </ClCompile>
    <ClCompile Include="Source\Runtime\Engine\Components\LocalLightComponent.cpp">
      <Filter>Source\Runtime\Engine\Components</Filter>
    </ClCompile>
    <ClCompile Include="Source\Runtime\Engine\Components\MovementComponent.cpp">
      <Filter>Source\Runtime\Engine\Components</Filter>
    </ClCompile>
    <ClCompile Include="Source\Runtime\Engine\Components\PointLightComponent.cpp">
      <Filter>Source\Runtime\Engine\Components</Filter>
    </ClCompile>
    <ClCompile Include="Source\Runtime\Engine\Components\ProjectileMovementComponent.cpp">
      <Filter>Source\Runtime\Engine\Components</Filter>
    </ClCompile>
    <ClCompile Include="Source\Runtime\Engine\Components\RotatingMovementComponent.cpp">
      <Filter>Source\Runtime\Engine\Components</Filter>
    </ClCompile>
    <ClCompile Include="Source\Runtime\Engine\Components\SpotLightComponent.cpp">
      <Filter>Source\Runtime\Engine\Components</Filter>
    </ClCompile>
    <ClCompile Include="Source\Runtime\Engine\Components\BillboardComponent.cpp">
      <Filter>Source\Runtime\Engine\Components</Filter>
    </ClCompile>
    <ClCompile Include="Source\Runtime\Engine\Components\CameraComponent.cpp">
      <Filter>Source\Runtime\Engine\Components</Filter>
    </ClCompile>
    <ClCompile Include="Source\Runtime\Engine\Components\DecalComponent.cpp">
      <Filter>Source\Runtime\Engine\Components</Filter>
    </ClCompile>
    <ClCompile Include="Source\Runtime\Engine\Components\HeightFogComponent.cpp">
      <Filter>Source\Runtime\Engine\Components</Filter>
    </ClCompile>
    <ClCompile Include="Source\Runtime\Engine\Components\LineComponent.cpp">
      <Filter>Source\Runtime\Engine\Components</Filter>
    </ClCompile>
    <ClCompile Include="Source\Runtime\Engine\Components\MeshComponent.cpp">
      <Filter>Source\Runtime\Engine\Components</Filter>
    </ClCompile>
    <ClCompile Include="Source\Runtime\Engine\Components\PerspectiveDecalComponent.cpp">
      <Filter>Source\Runtime\Engine\Components</Filter>
    </ClCompile>
    <ClCompile Include="Source\Runtime\Engine\Components\PrimitiveComponent.cpp">
      <Filter>Source\Runtime\Engine\Components</Filter>
    </ClCompile>
    <ClCompile Include="Source\Runtime\Engine\Components\SceneComponent.cpp">
      <Filter>Source\Runtime\Engine\Components</Filter>
    </ClCompile>
    <ClCompile Include="Source\Runtime\Engine\Components\StaticMeshComponent.cpp">
      <Filter>Source\Runtime\Engine\Components</Filter>
    </ClCompile>
    <ClCompile Include="Source\Runtime\Engine\Components\TextRenderComponent.cpp">
      <Filter>Source\Runtime\Engine\Components</Filter>
    </ClCompile>
    <ClCompile Include="Source\Runtime\Engine\Collision\AABB.cpp">
      <Filter>Source\Runtime\Engine\Collision</Filter>
    </ClCompile>
    <ClCompile Include="Source\Runtime\Engine\Collision\BoundingSphere.cpp">
      <Filter>Source\Runtime\Engine\Collision</Filter>
    </ClCompile>
    <ClCompile Include="Source\Runtime\Engine\Collision\Collision.cpp">
      <Filter>Source\Runtime\Engine\Collision</Filter>
    </ClCompile>
    <ClCompile Include="Source\Runtime\Engine\Collision\Frustum.cpp">
      <Filter>Source\Runtime\Engine\Collision</Filter>
    </ClCompile>
    <ClCompile Include="Source\Runtime\Engine\Collision\OBB.cpp">
      <Filter>Source\Runtime\Engine\Collision</Filter>
    </ClCompile>
    <ClCompile Include="Source\Runtime\Engine\Collision\Picking.cpp">
      <Filter>Source\Runtime\Engine\Collision</Filter>
    </ClCompile>
    <ClCompile Include="Source\Runtime\Engine\Spatial\BVHierarchy.cpp">
      <Filter>Source\Runtime\Engine\Spatial</Filter>
    </ClCompile>
    <ClCompile Include="Source\Runtime\Engine\Spatial\MeshBVH.cpp">
      <Filter>Source\Runtime\Engine\Spatial</Filter>
    </ClCompile>
    <ClCompile Include="Source\Runtime\Engine\Spatial\Occlusion.cpp">
      <Filter>Source\Runtime\Engine\Spatial</Filter>
    </ClCompile>
    <ClCompile Include="Source\Runtime\Engine\Spatial\Octree.cpp">
      <Filter>Source\Runtime\Engine\Spatial</Filter>
    </ClCompile>
    <ClCompile Include="Source\Runtime\RHI\D3D11RHI.cpp">
      <Filter>Source\Runtime\RHI</Filter>
    </ClCompile>
    <ClCompile Include="Source\Runtime\RHI\PipelineStateManager.cpp">
      <Filter>Source\Runtime\RHI</Filter>
    </ClCompile>
    <ClCompile Include="Source\Runtime\RHI\PipelineStateObject.cpp">
      <Filter>Source\Runtime\RHI</Filter>
    </ClCompile>
    <ClCompile Include="Source\Runtime\RHI\RHIDevice.cpp">
      <Filter>Source\Runtime\RHI</Filter>
    </ClCompile>
    <ClCompile Include="Source\Runtime\Renderer\ShadowConfiguration.cpp">
      <Filter>Source\Runtime\Renderer</Filter>
    </ClCompile>
    <ClCompile Include="Source\Runtime\Renderer\ShadowMap.cpp">
      <Filter>Source\Runtime\Renderer</Filter>
    </ClCompile>
    <ClCompile Include="Source\Runtime\AssetManagement\DynamicMesh.cpp">
      <Filter>Source\Runtime\AssetManagement</Filter>
    </ClCompile>
    <ClCompile Include="Source\Runtime\AssetManagement\Line.cpp">
      <Filter>Source\Runtime\AssetManagement</Filter>
    </ClCompile>
    <ClCompile Include="Source\Runtime\AssetManagement\LineDynamicMesh.cpp">
      <Filter>Source\Runtime\AssetManagement</Filter>
    </ClCompile>
    <ClCompile Include="Source\Runtime\AssetManagement\MeshLoader.cpp">
      <Filter>Source\Runtime\AssetManagement</Filter>
    </ClCompile>
    <ClCompile Include="Source\Runtime\AssetManagement\Quad.cpp">
      <Filter>Source\Runtime\AssetManagement</Filter>
    </ClCompile>
    <ClCompile Include="Source\Runtime\AssetManagement\ResourceBase.cpp">
      <Filter>Source\Runtime\AssetManagement</Filter>
    </ClCompile>
    <ClCompile Include="Source\Runtime\AssetManagement\ResourceManager.cpp">
      <Filter>Source\Runtime\AssetManagement</Filter>
    </ClCompile>
    <ClCompile Include="Source\Runtime\AssetManagement\StaticMesh.cpp">
      <Filter>Source\Runtime\AssetManagement</Filter>
    </ClCompile>
    <ClCompile Include="Source\Runtime\AssetManagement\Texture.cpp">
      <Filter>Source\Runtime\AssetManagement</Filter>
    </ClCompile>
    <ClCompile Include="Source\Runtime\AssetManagement\TextureConverter.cpp">
      <Filter>Source\Runtime\AssetManagement</Filter>
    </ClCompile>
    <ClCompile Include="Source\Runtime\InputCore\InputManager.cpp">
      <Filter>Source\Runtime\InputCore</Filter>
    </ClCompile>
    <ClCompile Include="Source\Editor\Clipboard\ClipboardManager.cpp">
      <Filter>Source\Editor\Clipboard</Filter>
    </ClCompile>
    <ClCompile Include="Source\Editor\ObjManager.cpp">
      <Filter>Source\Editor</Filter>
    </ClCompile>
    <ClCompile Include="Source\Editor\SelectionManager.cpp">
      <Filter>Source\Editor</Filter>
    </ClCompile>
    <ClCompile Include="Source\Editor\Gizmo\GizmoActor.cpp">
      <Filter>Source\Editor\Gizmo</Filter>
    </ClCompile>
    <ClCompile Include="Source\Editor\Gizmo\GizmoArrowComponent.cpp">
      <Filter>Source\Editor\Gizmo</Filter>
    </ClCompile>
    <ClCompile Include="Source\Editor\Gizmo\GizmoRotateComponent.cpp">
      <Filter>Source\Editor\Gizmo</Filter>
    </ClCompile>
    <ClCompile Include="Source\Editor\Gizmo\GizmoScaleComponent.cpp">
      <Filter>Source\Editor\Gizmo</Filter>
    </ClCompile>
    <ClCompile Include="Source\Editor\Grid\GridActor.cpp">
      <Filter>Source\Editor\Grid</Filter>
    </ClCompile>
    <ClCompile Include="Source\Slate\GlobalConsole.cpp">
      <Filter>Source\Slate</Filter>
    </ClCompile>
    <ClCompile Include="Source\Slate\StatsOverlayD2D.cpp">
      <Filter>Source\Slate</Filter>
    </ClCompile>
    <ClCompile Include="Source\Slate\UIManager.cpp">
      <Filter>Source\Slate</Filter>
    </ClCompile>
    <ClCompile Include="Source\Slate\USlateManager.cpp">
      <Filter>Source\Slate</Filter>
    </ClCompile>
    <ClCompile Include="Source\Slate\Widgets\PropertyRenderer.cpp">
      <Filter>Source\Slate\Widgets</Filter>
    </ClCompile>
    <ClCompile Include="Source\Slate\Widgets\ConsoleWidget.cpp">
      <Filter>Source\Slate\Widgets</Filter>
    </ClCompile>
    <ClCompile Include="Source\Slate\Widgets\InputInformationWidget.cpp">
      <Filter>Source\Slate\Widgets</Filter>
    </ClCompile>
    <ClCompile Include="Source\Slate\Widgets\MainToolbarWidget.cpp">
      <Filter>Source\Slate\Widgets</Filter>
    </ClCompile>
    <ClCompile Include="Source\Slate\Widgets\SceneManagerWidget.cpp">
      <Filter>Source\Slate\Widgets</Filter>
    </ClCompile>
    <ClCompile Include="Source\Slate\Widgets\TargetActorTransformWidget.cpp">
      <Filter>Source\Slate\Widgets</Filter>
    </ClCompile>
    <ClCompile Include="Source\Slate\Widgets\Widget.cpp">
      <Filter>Source\Slate\Widgets</Filter>
    </ClCompile>
    <ClCompile Include="Source\Slate\Windows\ConsoleWindow.cpp">
      <Filter>Source\Slate\Windows</Filter>
    </ClCompile>
    <ClCompile Include="Source\Slate\Windows\ControlPanelWindow.cpp">
      <Filter>Source\Slate\Windows</Filter>
    </ClCompile>
    <ClCompile Include="Source\Slate\Windows\ExperimentalFeatureWindow.cpp">
      <Filter>Source\Slate\Windows</Filter>
    </ClCompile>
    <ClCompile Include="Source\Slate\Windows\PropertyWindow.cpp">
      <Filter>Source\Slate\Windows</Filter>
    </ClCompile>
    <ClCompile Include="Source\Slate\Windows\SceneWindow.cpp">
      <Filter>Source\Slate\Windows</Filter>
    </ClCompile>
    <ClCompile Include="Source\Slate\Windows\SControlPanel.cpp">
      <Filter>Source\Slate\Windows</Filter>
    </ClCompile>
    <ClCompile Include="Source\Slate\Windows\SDetailsWindow.cpp">
      <Filter>Source\Slate\Windows</Filter>
    </ClCompile>
    <ClCompile Include="Source\Slate\Windows\SSplitter.cpp">
      <Filter>Source\Slate\Windows</Filter>
    </ClCompile>
    <ClCompile Include="Source\Slate\Windows\SSplitterH.cpp">
      <Filter>Source\Slate\Windows</Filter>
    </ClCompile>
    <ClCompile Include="Source\Slate\Windows\SSplitterV.cpp">
      <Filter>Source\Slate\Windows</Filter>
    </ClCompile>
    <ClCompile Include="Source\Slate\Windows\SViewportWindow.cpp">
      <Filter>Source\Slate\Windows</Filter>
    </ClCompile>
    <ClCompile Include="Source\Slate\Windows\SWindow.cpp">
      <Filter>Source\Slate\Windows</Filter>
    </ClCompile>
    <ClCompile Include="Source\Slate\Windows\UIWindow.cpp">
      <Filter>Source\Slate\Windows</Filter>
    </ClCompile>
    <ClCompile Include="Source\Slate\Factory\UIWindowFactory.cpp">
      <Filter>Source\Slate\Factory</Filter>
    </ClCompile>
    <ClCompile Include="Source\Slate\ImGui\ImGuiHelper.cpp">
      <Filter>Source\Slate\ImGui</Filter>
    </ClCompile>
    <ClCompile Include="ThirdParty\ImGui\imgui.cpp">
      <Filter>ThirdParty\ImGui</Filter>
    </ClCompile>
    <ClCompile Include="ThirdParty\ImGui\imgui_demo.cpp">
      <Filter>ThirdParty\ImGui</Filter>
    </ClCompile>
    <ClCompile Include="ThirdParty\ImGui\imgui_draw.cpp">
      <Filter>ThirdParty\ImGui</Filter>
    </ClCompile>
    <ClCompile Include="ThirdParty\ImGui\imgui_impl_dx11.cpp">
      <Filter>ThirdParty\ImGui</Filter>
    </ClCompile>
    <ClCompile Include="ThirdParty\ImGui\imgui_impl_win32.cpp">
      <Filter>ThirdParty\ImGui</Filter>
    </ClCompile>
    <ClCompile Include="ThirdParty\ImGui\imgui_tables.cpp">
      <Filter>ThirdParty\ImGui</Filter>
    </ClCompile>
    <ClCompile Include="ThirdParty\ImGui\imgui_widgets.cpp">
      <Filter>ThirdParty\ImGui</Filter>
    </ClCompile>
    <ClCompile Include="main.cpp" />
  </ItemGroup>
  <!-- ThirdParty/ImGui Files -->
  <!-- Source Files -->
  <!-- Source Header Files -->
  <ItemGroup>
    <!-- Source\Editor\Gizmo -->
    <!-- Source\Editor\Grid -->
    <!-- Source\Editor -->
    <!-- Source\Runtime\AssetManagement -->
    <!-- Source\Runtime\Core\Containers -->
    <!-- Source\Runtime\Core\Math -->
    <!-- Source\Runtime\Core\Memory -->
    <!-- Source\Runtime\Core\Misc -->
    <!-- Source\Runtime\Core\Object -->
    <!-- Source\Runtime\Engine\Collision -->
    <!-- Source\Runtime\Engine\Components -->
    <!-- Source\Runtime\Engine\GameFramework -->
    <!-- Source\Runtime\Engine\Spatial -->
    <!-- Source\Runtime\InputCore -->
    <!-- Source\Runtime\Renderer -->
    <!-- Source\Runtime\RHI -->
    <!-- Source\Slate\Factory -->
    <!-- Source\Slate\ImGui -->
    <!-- Source\Slate -->
    <!-- Source\Slate\Widgets -->
    <!-- Source\Slate\Windows -->
    <ClInclude Include="pch.h" />
    <ClInclude Include="Source\Runtime\Core\Misc\Delegate.h">
      <Filter>Source\Runtime\Core\Misc</Filter>
    </ClInclude>
    <ClInclude Include="Source\Runtime\Renderer\LightManager.h">
      <Filter>Source\Runtime\Renderer</Filter>
    </ClInclude>
    <ClInclude Include="Source\Runtime\Renderer\MeshBatchElement.h">
      <Filter>Source\Runtime\Renderer</Filter>
    </ClInclude>
    <ClInclude Include="Source\Runtime\Renderer\SceneView.h">
      <Filter>Source\Runtime\Renderer</Filter>
    </ClInclude>
    <ClInclude Include="Source\Runtime\Renderer\ShadowManager.h">
      <Filter>Source\Runtime\Renderer</Filter>
    </ClInclude>
    <ClInclude Include="Source\Runtime\Renderer\ShadowStats.h">
      <Filter>Source\Runtime\Renderer</Filter>
    </ClInclude>
    <ClInclude Include="Source\Runtime\Renderer\ShadowViewProjection.h">
      <Filter>Source\Runtime\Renderer</Filter>
    </ClInclude>
    <ClInclude Include="Source\Runtime\Renderer\TileCullingStats.h">
      <Filter>Source\Runtime\Renderer</Filter>
    </ClInclude>
    <ClInclude Include="Source\Runtime\Renderer\TileLightCuller.h">
      <Filter>Source\Runtime\Renderer</Filter>
    </ClInclude>
    <ClInclude Include="Source\Runtime\Renderer\DecalStatManager.h">
      <Filter>Source\Runtime\Renderer</Filter>
    </ClInclude>
    <ClInclude Include="Source\Runtime\Renderer\SceneRenderer.h">
      <Filter>Source\Runtime\Renderer</Filter>
    </ClInclude>
    <ClInclude Include="Source\Runtime\Renderer\FViewport.h">
      <Filter>Source\Runtime\Renderer</Filter>
    </ClInclude>
    <ClInclude Include="Source\Runtime\Renderer\FViewportClient.h">
      <Filter>Source\Runtime\Renderer</Filter>
    </ClInclude>
    <ClInclude Include="Source\Runtime\Renderer\Material.h">
      <Filter>Source\Runtime\Renderer</Filter>
    </ClInclude>
    <ClInclude Include="Source\Runtime\Renderer\QuadManager.h">
      <Filter>Source\Runtime\Renderer</Filter>
    </ClInclude>
    <ClInclude Include="Source\Runtime\Renderer\Renderer.h">
      <Filter>Source\Runtime\Renderer</Filter>
    </ClInclude>
    <ClInclude Include="Source\Runtime\Renderer\RenderManager.h">
      <Filter>Source\Runtime\Renderer</Filter>
    </ClInclude>
    <ClInclude Include="Source\Runtime\Renderer\RenderSettings.h">
      <Filter>Source\Runtime\Renderer</Filter>
    </ClInclude>
    <ClInclude Include="Source\Runtime\Renderer\Shader.h">
      <Filter>Source\Runtime\Renderer</Filter>
    </ClInclude>
    <ClInclude Include="Source\Runtime\Core\Object\Property.h">
      <Filter>Source\Runtime\Core\Object</Filter>
    </ClInclude>
    <ClInclude Include="Source\Runtime\Core\Object\Actor.h">
      <Filter>Source\Runtime\Core\Object</Filter>
    </ClInclude>
    <ClInclude Include="Source\Runtime\Core\Object\ActorComponent.h">
      <Filter>Source\Runtime\Core\Object</Filter>
    </ClInclude>
    <ClInclude Include="Source\Runtime\Core\Object\Object.h">
      <Filter>Source\Runtime\Core\Object</Filter>
    </ClInclude>
    <ClInclude Include="Source\Runtime\Core\Object\ObjectFactory.h">
      <Filter>Source\Runtime\Core\Object</Filter>
    </ClInclude>
    <ClInclude Include="Source\Runtime\Core\Math\Vector.h">
      <Filter>Source\Runtime\Core\Math</Filter>
    </ClInclude>
    <ClInclude Include="Source\Runtime\Core\Containers\UEContainer.h">
      <Filter>Source\Runtime\Core\Containers</Filter>
    </ClInclude>
    <ClInclude Include="Source\Runtime\Core\Misc\PathUtils.h">
      <Filter>Source\Runtime\Core\Misc</Filter>
    </ClInclude>
    <ClInclude Include="Source\Runtime\Core\Misc\Archive.h">
      <Filter>Source\Runtime\Core\Misc</Filter>
    </ClInclude>
    <ClInclude Include="Source\Runtime\Core\Misc\Color.h">
      <Filter>Source\Runtime\Core\Misc</Filter>
    </ClInclude>
    <ClInclude Include="Source\Runtime\Core\Misc\Enums.h">
      <Filter>Source\Runtime\Core\Misc</Filter>
    </ClInclude>
    <ClInclude Include="Source\Runtime\Core\Misc\JsonSerializer.h">
      <Filter>Source\Runtime\Core\Misc</Filter>
    </ClInclude>
    <ClInclude Include="Source\Runtime\Core\Misc\Name.h">
      <Filter>Source\Runtime\Core\Misc</Filter>
    </ClInclude>
    <ClInclude Include="Source\Runtime\Core\Misc\ObjectIterator.h">
      <Filter>Source\Runtime\Core\Misc</Filter>
    </ClInclude>
    <ClInclude Include="Source\Runtime\Core\Misc\VertexData.h">
      <Filter>Source\Runtime\Core\Misc</Filter>
    </ClInclude>
    <ClInclude Include="Source\Runtime\Core\Misc\WindowsBinReader.h">
      <Filter>Source\Runtime\Core\Misc</Filter>
    </ClInclude>
    <ClInclude Include="Source\Runtime\Core\Misc\WindowsBinWriter.h">
      <Filter>Source\Runtime\Core\Misc</Filter>
    </ClInclude>
    <ClInclude Include="Source\Runtime\Core\Memory\MemoryManager.h">
      <Filter>Source\Runtime\Core\Memory</Filter>
    </ClInclude>
    <ClInclude Include="Source\Runtime\Core\Memory\PlatformTime.h">
      <Filter>Source\Runtime\Core\Memory</Filter>
    </ClInclude>
    <ClInclude Include="Source\Runtime\Engine\GameFramework\AmbientLightActor.h">
      <Filter>Source\Runtime\Engine\GameFramework</Filter>
    </ClInclude>
    <ClInclude Include="Source\Runtime\Engine\GameFramework\DirectionalLightActor.h">
      <Filter>Source\Runtime\Engine\GameFramework</Filter>
    </ClInclude>
    <ClInclude Include="Source\Runtime\Engine\GameFramework\EmptyActor.h">
      <Filter>Source\Runtime\Engine\GameFramework</Filter>
    </ClInclude>
    <ClInclude Include="Source\Runtime\Engine\GameFramework\HeightFogActor.h">
      <Filter>Source\Runtime\Engine\GameFramework</Filter>
    </ClInclude>
    <ClInclude Include="Source\Runtime\Engine\GameFramework\Info.h">
      <Filter>Source\Runtime\Engine\GameFramework</Filter>
    </ClInclude>
    <ClInclude Include="Source\Runtime\Engine\GameFramework\PointLightActor.h">
      <Filter>Source\Runtime\Engine\GameFramework</Filter>
    </ClInclude>
    <ClInclude Include="Source\Runtime\Engine\GameFramework\SpotLightActor.h">
      <Filter>Source\Runtime\Engine\GameFramework</Filter>
    </ClInclude>
    <ClInclude Include="Source\Runtime\Engine\GameFramework\CameraActor.h">
      <Filter>Source\Runtime\Engine\GameFramework</Filter>
    </ClInclude>
    <ClInclude Include="Source\Runtime\Engine\GameFramework\DecalActor.h">
      <Filter>Source\Runtime\Engine\GameFramework</Filter>
    </ClInclude>
    <ClInclude Include="Source\Runtime\Engine\GameFramework\EditorEngine.h">
      <Filter>Source\Runtime\Engine\GameFramework</Filter>
    </ClInclude>
    <ClInclude Include="Source\Runtime\Engine\GameFramework\FakeSpotLightActor.h">
      <Filter>Source\Runtime\Engine\GameFramework</Filter>
    </ClInclude>
    <ClInclude Include="Source\Runtime\Engine\GameFramework\Level.h">
      <Filter>Source\Runtime\Engine\GameFramework</Filter>
    </ClInclude>
    <ClInclude Include="Source\Runtime\Engine\GameFramework\StaticMeshActor.h">
      <Filter>Source\Runtime\Engine\GameFramework</Filter>
    </ClInclude>
    <ClInclude Include="Source\Runtime\Engine\GameFramework\World.h">
      <Filter>Source\Runtime\Engine\GameFramework</Filter>
    </ClInclude>
    <ClInclude Include="Source\Runtime\Engine\Components\MovementComponent.h">
      <Filter>Source\Runtime\Engine\Components</Filter>
    </ClInclude>
    <ClInclude Include="Source\Runtime\Engine\Components\ProjectileMovementComponent.h">
      <Filter>Source\Runtime\Engine\Components</Filter>
    </ClInclude>
    <ClInclude Include="Source\Runtime\Engine\Components\RotatingMovementComponent.h">
      <Filter>Source\Runtime\Engine\Components</Filter>
    </ClInclude>
    <ClInclude Include="Source\Runtime\Engine\Components\AmbientLightComponent.h">
      <Filter>Source\Runtime\Engine\Components</Filter>
    </ClInclude>
    <ClInclude Include="Source\Runtime\Engine\Components\DirectionalLightComponent.h">
      <Filter>Source\Runtime\Engine\Components</Filter>
    </ClInclude>
    <ClInclude Include="Source\Runtime\Engine\Components\LightComponent.h">
      <Filter>Source\Runtime\Engine\Components</Filter>
    </ClInclude>
    <ClInclude Include="Source\Runtime\Engine\Components\LightComponentBase.h">
      <Filter>Source\Runtime\Engine\Components</Filter>
    </ClInclude>
    <ClInclude Include="Source\Runtime\Engine\Components\LocalLightComponent.h">
      <Filter>Source\Runtime\Engine\Components</Filter>
    </ClInclude>
    <ClInclude Include="Source\Runtime\Engine\Components\PointLightComponent.h">
      <Filter>Source\Runtime\Engine\Components</Filter>
    </ClInclude>
    <ClInclude Include="Source\Runtime\Engine\Components\SpotLightComponent.h">
      <Filter>Source\Runtime\Engine\Components</Filter>
    </ClInclude>
    <ClInclude Include="Source\Runtime\Engine\Components\BillboardComponent.h">
      <Filter>Source\Runtime\Engine\Components</Filter>
    </ClInclude>
    <ClInclude Include="Source\Runtime\Engine\Components\CameraComponent.h">
      <Filter>Source\Runtime\Engine\Components</Filter>
    </ClInclude>
    <ClInclude Include="Source\Runtime\Engine\Components\DecalComponent.h">
      <Filter>Source\Runtime\Engine\Components</Filter>
    </ClInclude>
    <ClInclude Include="Source\Runtime\Engine\Components\HeightFogComponent.h">
      <Filter>Source\Runtime\Engine\Components</Filter>
    </ClInclude>
    <ClInclude Include="Source\Runtime\Engine\Components\LineComponent.h">
      <Filter>Source\Runtime\Engine\Components</Filter>
    </ClInclude>
    <ClInclude Include="Source\Runtime\Engine\Components\MeshComponent.h">
      <Filter>Source\Runtime\Engine\Components</Filter>
    </ClInclude>
    <ClInclude Include="Source\Runtime\Engine\Components\PerspectiveDecalComponent.h">
      <Filter>Source\Runtime\Engine\Components</Filter>
    </ClInclude>
    <ClInclude Include="Source\Runtime\Engine\Components\PrimitiveComponent.h">
      <Filter>Source\Runtime\Engine\Components</Filter>
    </ClInclude>
    <ClInclude Include="Source\Runtime\Engine\Components\SceneComponent.h">
      <Filter>Source\Runtime\Engine\Components</Filter>
    </ClInclude>
    <ClInclude Include="Source\Runtime\Engine\Components\StaticMeshComponent.h">
      <Filter>Source\Runtime\Engine\Components</Filter>
    </ClInclude>
    <ClInclude Include="Source\Runtime\Engine\Components\TextRenderComponent.h">
      <Filter>Source\Runtime\Engine\Components</Filter>
    </ClInclude>
    <ClInclude Include="Source\Runtime\Engine\Collision\AABB.h">
      <Filter>Source\Runtime\Engine\Collision</Filter>
    </ClInclude>
    <ClInclude Include="Source\Runtime\Engine\Collision\BoundingSphere.h">
      <Filter>Source\Runtime\Engine\Collision</Filter>
    </ClInclude>
    <ClInclude Include="Source\Runtime\Engine\Collision\Collision.h">
      <Filter>Source\Runtime\Engine\Collision</Filter>
    </ClInclude>
    <ClInclude Include="Source\Runtime\Engine\Collision\Frustum.h">
      <Filter>Source\Runtime\Engine\Collision</Filter>
    </ClInclude>
    <ClInclude Include="Source\Runtime\Engine\Collision\OBB.h">
      <Filter>Source\Runtime\Engine\Collision</Filter>
    </ClInclude>
    <ClInclude Include="Source\Runtime\Engine\Collision\Picking.h">
      <Filter>Source\Runtime\Engine\Collision</Filter>
    </ClInclude>
    <ClInclude Include="Source\Runtime\Engine\Spatial\BVHierarchy.h">
      <Filter>Source\Runtime\Engine\Spatial</Filter>
    </ClInclude>
    <ClInclude Include="Source\Runtime\Engine\Spatial\MeshBVH.h">
      <Filter>Source\Runtime\Engine\Spatial</Filter>
    </ClInclude>
    <ClInclude Include="Source\Runtime\Engine\Spatial\Occlusion.h">
      <Filter>Source\Runtime\Engine\Spatial</Filter>
    </ClInclude>
    <ClInclude Include="Source\Runtime\Engine\Spatial\Octree.h">
      <Filter>Source\Runtime\Engine\Spatial</Filter>
    </ClInclude>
    <ClInclude Include="Source\Runtime\Engine\Spatial\WorldPartitionManager.h">
      <Filter>Source\Runtime\Engine\Spatial</Filter>
    </ClInclude>
    <ClInclude Include="Source\Runtime\RHI\SwapGuard.h">
      <Filter>Source\Runtime\RHI</Filter>
    </ClInclude>
    <ClInclude Include="Source\Runtime\RHI\ConstantBufferType.h">
      <Filter>Source\Runtime\RHI</Filter>
    </ClInclude>
    <ClInclude Include="Source\Runtime\RHI\D3D11RHI.h">
      <Filter>Source\Runtime\RHI</Filter>
    </ClInclude>
    <ClInclude Include="Source\Runtime\RHI\PipelineStateManager.h">
      <Filter>Source\Runtime\RHI</Filter>
    </ClInclude>
    <ClInclude Include="Source\Runtime\RHI\PipelineStateObject.h">
      <Filter>Source\Runtime\RHI</Filter>
    </ClInclude>
    <ClInclude Include="Source\Runtime\RHI\RHIDevice.h">
      <Filter>Source\Runtime\RHI</Filter>
    </ClInclude>
    <ClInclude Include="Source\Runtime\Renderer\ShadowConfiguration.h">
      <Filter>Source\Runtime\Renderer</Filter>
    </ClInclude>
    <ClInclude Include="Source\Runtime\Renderer\ShadowMap.h">
      <Filter>Source\Runtime\Renderer</Filter>
    </ClInclude>
    <ClInclude Include="Source\Runtime\AssetManagement\Cube.h">
      <Filter>Source\Runtime\AssetManagement</Filter>
    </ClInclude>
    <ClInclude Include="Source\Runtime\AssetManagement\DynamicMesh.h">
      <Filter>Source\Runtime\AssetManagement</Filter>
    </ClInclude>
    <ClInclude Include="Source\Runtime\AssetManagement\Line.h">
      <Filter>Source\Runtime\AssetManagement</Filter>
    </ClInclude>
    <ClInclude Include="Source\Runtime\AssetManagement\LineDynamicMesh.h">
      <Filter>Source\Runtime\AssetManagement</Filter>
    </ClInclude>
    <ClInclude Include="Source\Runtime\AssetManagement\MeshLoader.h">
      <Filter>Source\Runtime\AssetManagement</Filter>
    </ClInclude>
    <ClInclude Include="Source\Runtime\AssetManagement\Quad.h">
      <Filter>Source\Runtime\AssetManagement</Filter>
    </ClInclude>
    <ClInclude Include="Source\Runtime\AssetManagement\ResourceBase.h">
      <Filter>Source\Runtime\AssetManagement</Filter>
    </ClInclude>
    <ClInclude Include="Source\Runtime\AssetManagement\ResourceManager.h">
      <Filter>Source\Runtime\AssetManagement</Filter>
    </ClInclude>
    <ClInclude Include="Source\Runtime\AssetManagement\StaticMesh.h">
      <Filter>Source\Runtime\AssetManagement</Filter>
    </ClInclude>
    <ClInclude Include="Source\Runtime\AssetManagement\Texture.h">
      <Filter>Source\Runtime\AssetManagement</Filter>
    </ClInclude>
    <ClInclude Include="Source\Runtime\AssetManagement\TextureConverter.h">
      <Filter>Source\Runtime\AssetManagement</Filter>
    </ClInclude>
    <ClInclude Include="Source\Runtime\AssetManagement\Triangle.h">
      <Filter>Source\Runtime\AssetManagement</Filter>
    </ClInclude>
    <ClInclude Include="Source\Runtime\InputCore\InputManager.h">
      <Filter>Source\Runtime\InputCore</Filter>
    </ClInclude>
    <ClInclude Include="Source\Editor\Clipboard\ClipboardManager.h">
      <Filter>Source\Editor\Clipboard</Filter>
    </ClInclude>
    <ClInclude Include="Source\Editor\ImGuiConsole.h">
      <Filter>Source\Editor</Filter>
    </ClInclude>
    <ClInclude Include="Source\Editor\ObjManager.h">
      <Filter>Source\Editor</Filter>
    </ClInclude>
    <ClInclude Include="Source\Editor\SelectionManager.h">
      <Filter>Source\Editor</Filter>
    </ClInclude>
    <ClInclude Include="Source\Editor\Gizmo\GizmoActor.h">
      <Filter>Source\Editor\Gizmo</Filter>
    </ClInclude>
    <ClInclude Include="Source\Editor\Gizmo\GizmoArrowComponent.h">
      <Filter>Source\Editor\Gizmo</Filter>
    </ClInclude>
    <ClInclude Include="Source\Editor\Gizmo\GizmoRotateComponent.h">
      <Filter>Source\Editor\Gizmo</Filter>
    </ClInclude>
    <ClInclude Include="Source\Editor\Gizmo\GizmoScaleComponent.h">
      <Filter>Source\Editor\Gizmo</Filter>
    </ClInclude>
    <ClInclude Include="Source\Editor\Grid\Grid.h">
      <Filter>Source\Editor\Grid</Filter>
    </ClInclude>
    <ClInclude Include="Source\Editor\Grid\GridActor.h">
      <Filter>Source\Editor\Grid</Filter>
    </ClInclude>
    <ClInclude Include="Source\Slate\GlobalConsole.h">
      <Filter>Source\Slate</Filter>
    </ClInclude>
    <ClInclude Include="Source\Slate\StatsOverlayD2D.h">
      <Filter>Source\Slate</Filter>
    </ClInclude>
    <ClInclude Include="Source\Slate\UIManager.h">
      <Filter>Source\Slate</Filter>
    </ClInclude>
    <ClInclude Include="Source\Slate\USlateManager.h">
      <Filter>Source\Slate</Filter>
    </ClInclude>
    <ClInclude Include="Source\Slate\Widgets\PropertyRenderer.h">
      <Filter>Source\Slate\Widgets</Filter>
    </ClInclude>
    <ClInclude Include="Source\Slate\Widgets\ConsoleWidget.h">
      <Filter>Source\Slate\Widgets</Filter>
    </ClInclude>
    <ClInclude Include="Source\Slate\Widgets\InputInformationWidget.h">
      <Filter>Source\Slate\Widgets</Filter>
    </ClInclude>
    <ClInclude Include="Source\Slate\Widgets\MainToolbarWidget.h">
      <Filter>Source\Slate\Widgets</Filter>
    </ClInclude>
    <ClInclude Include="Source\Slate\Widgets\SceneManagerWidget.h">
      <Filter>Source\Slate\Widgets</Filter>
    </ClInclude>
    <ClInclude Include="Source\Slate\Widgets\TargetActorTransformWidget.h">
      <Filter>Source\Slate\Widgets</Filter>
    </ClInclude>
    <ClInclude Include="Source\Slate\Widgets\Widget.h">
      <Filter>Source\Slate\Widgets</Filter>
    </ClInclude>
    <ClInclude Include="Source\Slate\Windows\ConsoleWindow.h">
      <Filter>Source\Slate\Windows</Filter>
    </ClInclude>
    <ClInclude Include="Source\Slate\Windows\ControlPanelWindow.h">
      <Filter>Source\Slate\Windows</Filter>
    </ClInclude>
    <ClInclude Include="Source\Slate\Windows\ExperimentalFeatureWindow.h">
      <Filter>Source\Slate\Windows</Filter>
    </ClInclude>
    <ClInclude Include="Source\Slate\Windows\PropertyWindow.h">
      <Filter>Source\Slate\Windows</Filter>
    </ClInclude>
    <ClInclude Include="Source\Slate\Windows\SceneWindow.h">
      <Filter>Source\Slate\Windows</Filter>
    </ClInclude>
    <ClInclude Include="Source\Slate\Windows\SControlPanel.h">
      <Filter>Source\Slate\Windows</Filter>
    </ClInclude>
    <ClInclude Include="Source\Slate\Windows\SDetailsWindow.h">
      <Filter>Source\Slate\Windows</Filter>
    </ClInclude>
    <ClInclude Include="Source\Slate\Windows\SSplitter.h">
      <Filter>Source\Slate\Windows</Filter>
    </ClInclude>
    <ClInclude Include="Source\Slate\Windows\SSplitterH.h">
      <Filter>Source\Slate\Windows</Filter>
    </ClInclude>
    <ClInclude Include="Source\Slate\Windows\SSplitterV.h">
      <Filter>Source\Slate\Windows</Filter>
    </ClInclude>
    <ClInclude Include="Source\Slate\Windows\SViewportWindow.h">
      <Filter>Source\Slate\Windows</Filter>
    </ClInclude>
    <ClInclude Include="Source\Slate\Windows\SWindow.h">
      <Filter>Source\Slate\Windows</Filter>
    </ClInclude>
    <ClInclude Include="Source\Slate\Windows\UIWindow.h">
      <Filter>Source\Slate\Windows</Filter>
    </ClInclude>
    <ClInclude Include="Source\Slate\Factory\UIWindowFactory.h">
      <Filter>Source\Slate\Factory</Filter>
    </ClInclude>
    <ClInclude Include="Source\Slate\ImGui\ImGuiHelper.h">
      <Filter>Source\Slate\ImGui</Filter>
    </ClInclude>
    <ClInclude Include="ThirdParty\ImGui\imconfig.h">
      <Filter>ThirdParty\ImGui</Filter>
    </ClInclude>
    <ClInclude Include="ThirdParty\ImGui\imgui.h">
      <Filter>ThirdParty\ImGui</Filter>
    </ClInclude>
    <ClInclude Include="ThirdParty\ImGui\imgui_impl_dx11.h">
      <Filter>ThirdParty\ImGui</Filter>
    </ClInclude>
    <ClInclude Include="ThirdParty\ImGui\imgui_impl_win32.h">
      <Filter>ThirdParty\ImGui</Filter>
    </ClInclude>
    <ClInclude Include="ThirdParty\ImGui\imgui_internal.h">
      <Filter>ThirdParty\ImGui</Filter>
    </ClInclude>
    <ClInclude Include="ThirdParty\ImGui\imstb_rectpack.h">
      <Filter>ThirdParty\ImGui</Filter>
    </ClInclude>
    <ClInclude Include="ThirdParty\ImGui\imstb_textedit.h">
      <Filter>ThirdParty\ImGui</Filter>
    </ClInclude>
    <ClInclude Include="ThirdParty\ImGui\imstb_truetype.h">
      <Filter>ThirdParty\ImGui</Filter>
    </ClInclude>
  </ItemGroup>
  <ItemGroup>
    <None Include="Scripts\actor_transform.lua">
      <Filter>Scripts</Filter>
    </None>
    <None Include="Scripts\template.lua">
      <Filter>Scripts</Filter>
    </None>
  </ItemGroup>
  <ItemGroup>
    <Filter Include="Source">
      <UniqueIdentifier>{ff9c4026-eea8-41fe-bcd4-8314784688b6}</UniqueIdentifier>
    </Filter>
    <Filter Include="Source\Runtime">
      <UniqueIdentifier>{52bf96d2-19fe-4db7-adc1-1fcf596dc231}</UniqueIdentifier>
    </Filter>
    <Filter Include="Source\Runtime\Core">
      <UniqueIdentifier>{1e3f8cbb-fe09-4e2b-a38a-094c2f8d25e0}</UniqueIdentifier>
    </Filter>
    <Filter Include="Source\Runtime\Core\Misc">
      <UniqueIdentifier>{076a8340-2484-4288-a48a-c8d13f9d6770}</UniqueIdentifier>
    </Filter>
    <Filter Include="Scripts">
      <UniqueIdentifier>{59c067f6-aa49-4f93-ada3-7cafbe5afca9}</UniqueIdentifier>
    </Filter>
    <Filter Include="Source\Runtime\Renderer">
      <UniqueIdentifier>{c2a3a2a0-52b3-46b3-9d08-21f91b8ac30a}</UniqueIdentifier>
    </Filter>
    <Filter Include="Source\Runtime\Core\Object">
      <UniqueIdentifier>{83d53cce-1dca-4d70-a024-555cb087bad1}</UniqueIdentifier>
    </Filter>
    <Filter Include="Source\Runtime\Core\Math">
      <UniqueIdentifier>{662ad02e-066b-490f-862c-e41c04c5e765}</UniqueIdentifier>
    </Filter>
    <Filter Include="Source\Runtime\Core\Containers">
      <UniqueIdentifier>{9e597074-7801-4a95-a82a-c55c45e8c0b6}</UniqueIdentifier>
    </Filter>
    <Filter Include="Source\Runtime\Core\Memory">
      <UniqueIdentifier>{2294d271-65a0-4cc4-b2da-a84e70f95e24}</UniqueIdentifier>
    </Filter>
    <Filter Include="Source\Runtime\Engine">
      <UniqueIdentifier>{bf053fdf-172b-4a36-801d-b75bbc710240}</UniqueIdentifier>
    </Filter>
    <Filter Include="Source\Runtime\Engine\GameFramework">
      <UniqueIdentifier>{89dd1ad8-5556-41fb-8372-9a11e9563b18}</UniqueIdentifier>
    </Filter>
    <Filter Include="Source\Runtime\Engine\Components">
      <UniqueIdentifier>{d9521ed2-c501-4598-b608-e2df5e64d92f}</UniqueIdentifier>
    </Filter>
    <Filter Include="Source\Runtime\Engine\Collision">
      <UniqueIdentifier>{e6dc8c94-25d5-40ac-91e4-e30a18d9130e}</UniqueIdentifier>
    </Filter>
    <Filter Include="Source\Runtime\Engine\Spatial">
      <UniqueIdentifier>{4930a1d5-21fd-4264-b31d-74988be8a007}</UniqueIdentifier>
    </Filter>
    <Filter Include="Source\Runtime\RHI">
      <UniqueIdentifier>{8777c88b-1545-40c4-bdea-3af8913de401}</UniqueIdentifier>
    </Filter>
    <Filter Include="Source\Runtime\AssetManagement">
      <UniqueIdentifier>{ef597a67-4fdb-4c98-bf34-f1207cf83751}</UniqueIdentifier>
    </Filter>
    <Filter Include="Source\Runtime\InputCore">
      <UniqueIdentifier>{78de8d15-6c62-41ac-ade2-0d017978eb05}</UniqueIdentifier>
    </Filter>
    <Filter Include="Source\Editor">
      <UniqueIdentifier>{7f3ffb57-1ae0-401e-809c-f4807595163c}</UniqueIdentifier>
    </Filter>
    <Filter Include="Source\Editor\Clipboard">
      <UniqueIdentifier>{61c4e5c7-2229-4a58-bee4-7b5c81939c81}</UniqueIdentifier>
    </Filter>
    <Filter Include="Source\Editor\Gizmo">
      <UniqueIdentifier>{b6916137-94dc-4e6a-8ef6-46cf42906962}</UniqueIdentifier>
    </Filter>
    <Filter Include="Source\Editor\Grid">
      <UniqueIdentifier>{d65fa55f-b88e-4353-8c29-69e9a4aad069}</UniqueIdentifier>
    </Filter>
    <Filter Include="Source\Slate">
      <UniqueIdentifier>{549bf192-83a9-49e9-9d08-1a73e8a34e7e}</UniqueIdentifier>
    </Filter>
    <Filter Include="Source\Slate\Widgets">
      <UniqueIdentifier>{246e6add-eb51-489f-8c67-a8894494cc5a}</UniqueIdentifier>
    </Filter>
    <Filter Include="Source\Slate\Windows">
      <UniqueIdentifier>{f2db74c6-bf57-4f8b-a936-568617aec475}</UniqueIdentifier>
    </Filter>
    <Filter Include="Source\Slate\Factory">
      <UniqueIdentifier>{40cc3704-4c9c-45b3-b063-1240ab6def1a}</UniqueIdentifier>
    </Filter>
    <Filter Include="Source\Slate\ImGui">
      <UniqueIdentifier>{b4ee0d22-59bf-448f-94a7-56f31bedb90c}</UniqueIdentifier>
    </Filter>
    <Filter Include="Shaders">
      <UniqueIdentifier>{fb372d4c-9a2d-4ca1-95da-f50789fd4f6e}</UniqueIdentifier>
    </Filter>
    <Filter Include="Shaders\Effects">
      <UniqueIdentifier>{7583d8ed-6f7f-44f7-b342-6bbafb7df0c9}</UniqueIdentifier>
    </Filter>
    <Filter Include="Shaders\PostProcess">
      <UniqueIdentifier>{2a8f3b1e-e38f-4325-bcf6-642add1afcb4}</UniqueIdentifier>
    </Filter>
    <Filter Include="Shaders\Utility">
      <UniqueIdentifier>{589d5f28-e33f-411f-9b5d-0d94c623b7e4}</UniqueIdentifier>
    </Filter>
    <Filter Include="Shaders\UI">
      <UniqueIdentifier>{a431a638-72f4-46b5-91e1-846e651ebfed}</UniqueIdentifier>
    </Filter>
    <Filter Include="Shaders\Materials">
      <UniqueIdentifier>{f6cfab53-a575-47b5-8e85-3031cd22e98b}</UniqueIdentifier>
    </Filter>
    <Filter Include="Shaders\Common">
      <UniqueIdentifier>{3100fa0d-4260-4d95-b603-daf27d8b81cb}</UniqueIdentifier>
    </Filter>
    <Filter Include="ThirdParty">
      <UniqueIdentifier>{571af285-cf7b-498b-8d95-4e10ac9358ed}</UniqueIdentifier>
    </Filter>
    <Filter Include="ThirdParty\ImGui">
      <UniqueIdentifier>{b2177298-632f-4907-9542-0d972c79410e}</UniqueIdentifier>
    </Filter>
  </ItemGroup>
</Project>